
Microsoft Visual Studio Solution File, Format Version 12.00
# Visual Studio 2012
Project("{FAE04EC0-301F-11D3-BF4B-00C04F79EFBC}") = "ClientWindowsFormsApplication1", "ClientWindowsFormsApplication1\ClientWindowsFormsApplication1.csproj", "{A33A3F1B-E952-448C-85C4-0D3E31F38F4F}"
EndProject
Global
	GlobalSection(SolutionConfigurationPlatforms) = preSolution
		Debug|Any CPU = Debug|Any CPU
		Release|Any CPU = Release|Any CPU
	EndGlobalSection
	GlobalSection(ProjectConfigurationPlatforms) = postSolution
		{A33A3F1B-E952-448C-85C4-0D3E31F38F4F}.Debug|Any CPU.ActiveCfg = Debug|Any CPU
		{A33A3F1B-E952-448C-85C4-0D3E31F38F4F}.Debug|Any CPU.Build.0 = Debug|Any CPU
		{A33A3F1B-E952-448C-85C4-0D3E31F38F4F}.Release|Any CPU.ActiveCfg = Release|Any CPU
		{A33A3F1B-E952-448C-85C4-0D3E31F38F4F}.Release|Any CPU.Build.0 = Release|Any CPU
	EndGlobalSection
	GlobalSection(SolutionProperties) = preSolution
		HideSolutionNode = FALSE
	EndGlobalSection
EndGlobal
